
Microsoft Visual Studio Solution File, Format Version 12.00
# Visual Studio Version 16
VisualStudioVersion = 16.0.29926.136
MinimumVisualStudioVersion = 10.0.40219.1
Project("{FAE04EC0-301F-11D3-BF4B-00C04F79EFBC}") = "maybannuoc", "đồ án11\maybannuoc.csproj", "{4B6BFCDD-1122-4789-B978-1247F4EC8BC2}"
EndProject
Project("{2150E333-8FDC-42A3-9474-1A3956D46DE8}") = "Solution Items", "Solution Items", "{AF237EF9-EEB5-470B-B342-D5047D8AB284}"
	ProjectSection(SolutionItems) = preProject
		.editorconfig = .editorconfig
	EndProjectSection
EndProject
Global
	GlobalSection(SolutionConfigurationPlatforms) = preSolution
		Debug|Any CPU = Debug|Any CPU
		Release|Any CPU = Release|Any CPU
	EndGlobalSection
	GlobalSection(ProjectConfigurationPlatforms) = postSolution
		{4B6BFCDD-1122-4789-B978-1247F4EC8BC2}.Debug|Any CPU.ActiveCfg = Debug|Any CPU
		{4B6BFCDD-1122-4789-B978-1247F4EC8BC2}.Debug|Any CPU.Build.0 = Debug|Any CPU
		{4B6BFCDD-1122-4789-B978-1247F4EC8BC2}.Release|Any CPU.ActiveCfg = Release|Any CPU
		{4B6BFCDD-1122-4789-B978-1247F4EC8BC2}.Release|Any CPU.Build.0 = Release|Any CPU
	EndGlobalSection
	GlobalSection(SolutionProperties) = preSolution
		HideSolutionNode = FALSE
	EndGlobalSection
	GlobalSection(ExtensibilityGlobals) = postSolution
		SolutionGuid = {01FB6BD3-292E-4B64-AA37-44118062B338}
	EndGlobalSection
EndGlobal
